
Microsoft Visual Studio Solution File, Format Version 12.00
# Visual Studio 14
VisualStudioVersion = 14.0.25420.1
MinimumVisualStudioVersion = 10.0.40219.1
Project("{FAE04EC0-301F-11D3-BF4B-00C04F79EFBC}") = "FGPrenotazioni", "FGPrenotazioni\FGPrenotazioni.csproj", "{35871E05-5A00-4317-A7E5-893AD78B696A}"
EndProject
Global
	GlobalSection(SolutionConfigurationPlatforms) = preSolution
		Debug|Any CPU = Debug|Any CPU
		Release|Any CPU = Release|Any CPU
	EndGlobalSection
	GlobalSection(ProjectConfigurationPlatforms) = postSolution
		{35871E05-5A00-4317-A7E5-893AD78B696A}.Debug|Any CPU.ActiveCfg = Debug|Any CPU
		{35871E05-5A00-4317-A7E5-893AD78B696A}.Debug|Any CPU.Build.0 = Debug|Any CPU
		{35871E05-5A00-4317-A7E5-893AD78B696A}.Release|Any CPU.ActiveCfg = Release|Any CPU
		{35871E05-5A00-4317-A7E5-893AD78B696A}.Release|Any CPU.Build.0 = Release|Any CPU
	EndGlobalSection
	GlobalSection(SolutionProperties) = preSolution
		HideSolutionNode = FALSE
	EndGlobalSection
	GlobalSection(TeamFoundationVersionControl) = preSolution
		SccNumberOfProjects = 2
		SccEnterpriseProvider = {4CA58AB2-18FA-4F8D-95D4-32DDF27D184C}
		SccTeamFoundationServer = https://fgprenotazioni.visualstudio.com/
		SccLocalPath0 = .
		SccProjectUniqueName1 = FGPrenotazioni\\FGPrenotazioni.csproj
		SccProjectName1 = FGPrenotazioni
		SccLocalPath1 = FGPrenotazioni
	EndGlobalSection
EndGlobal
